
Microsoft Visual Studio Solution File, Format Version 12.00
# Visual Studio 2013
VisualStudioVersion = 12.0.31101.0
MinimumVisualStudioVersion = 10.0.40219.1
Project("{FAE04EC0-301F-11D3-BF4B-00C04F79EFBC}") = "SquaresFrontEnd", "SquaresFrontEnd\SquaresFrontEnd.csproj", "{3066047D-5777-46B0-9727-653238F4C700}"
EndProject
Project("{FAE04EC0-301F-11D3-BF4B-00C04F79EFBC}") = "SquaresService", "SquaresService\SquaresService.csproj", "{43C0FE8D-98D5-4A2E-8C1E-21CB5D30653A}"
EndProject
Project("{2150E333-8FDC-42A3-9474-1A3956D46DE8}") = "Solution Items", "Solution Items", "{B8EA0214-4BDD-4CEF-95A1-B674F86A4014}"
EndProject
Project("{FAE04EC0-301F-11D3-BF4B-00C04F79EFBC}") = "SquaresSolver", "SquaresSolver\SquaresSolver.csproj", "{3501B846-E1D2-4253-A786-48E324E50C27}"
EndProject
Project("{FAE04EC0-301F-11D3-BF4B-00C04F79EFBC}") = "SquaresServiceInterface", "SquaresServiceInterface\SquaresServiceInterface.csproj", "{F4DFE510-B82F-4EF2-9181-A9D3546AB49E}"
EndProject
Project("{FAE04EC0-301F-11D3-BF4B-00C04F79EFBC}") = "SquaresSolverTypes", "SquaresSolverTypes\SquaresSolverTypes.csproj", "{3C668274-B94A-487E-AF47-970D3A0515E5}"
EndProject
Global
	GlobalSection(SolutionConfigurationPlatforms) = preSolution
		Debug|Any CPU = Debug|Any CPU
		Debug|Mixed Platforms = Debug|Mixed Platforms
		Debug|Win32 = Debug|Win32
		Debug|x64 = Debug|x64
		Release|Any CPU = Release|Any CPU
		Release|Mixed Platforms = Release|Mixed Platforms
		Release|Win32 = Release|Win32
		Release|x64 = Release|x64
	EndGlobalSection
	GlobalSection(ProjectConfigurationPlatforms) = postSolution
		{43C0FE8D-98D5-4A2E-8C1E-21CB5D30653A}.Debug|Any CPU.ActiveCfg = Debug|Any CPU
		{43C0FE8D-98D5-4A2E-8C1E-21CB5D30653A}.Debug|Any CPU.Build.0 = Debug|Any CPU
		{43C0FE8D-98D5-4A2E-8C1E-21CB5D30653A}.Debug|Mixed Platforms.ActiveCfg = Debug|Any CPU
		{43C0FE8D-98D5-4A2E-8C1E-21CB5D30653A}.Debug|Mixed Platforms.Build.0 = Debug|Any CPU
		{43C0FE8D-98D5-4A2E-8C1E-21CB5D30653A}.Debug|Win32.ActiveCfg = Debug|Any CPU
		{43C0FE8D-98D5-4A2E-8C1E-21CB5D30653A}.Debug|x64.ActiveCfg = Debug|x64
		{43C0FE8D-98D5-4A2E-8C1E-21CB5D30653A}.Debug|x64.Build.0 = Debug|x64
		{43C0FE8D-98D5-4A2E-8C1E-21CB5D30653A}.Release|Any CPU.ActiveCfg = Release|Any CPU
		{43C0FE8D-98D5-4A2E-8C1E-21CB5D30653A}.Release|Any CPU.Build.0 = Release|Any CPU
		{43C0FE8D-98D5-4A2E-8C1E-21CB5D30653A}.Release|Mixed Platforms.ActiveCfg = Release|Any CPU
		{43C0FE8D-98D5-4A2E-8C1E-21CB5D30653A}.Release|Mixed Platforms.Build.0 = Release|Any CPU
		{43C0FE8D-98D5-4A2E-8C1E-21CB5D30653A}.Release|Win32.ActiveCfg = Release|Any CPU
		{43C0FE8D-98D5-4A2E-8C1E-21CB5D30653A}.Release|x64.ActiveCfg = Release|x64
		{43C0FE8D-98D5-4A2E-8C1E-21CB5D30653A}.Release|x64.Build.0 = Release|x64
		{3066047D-5777-46B0-9727-653238F4C700}.Debug|Any CPU.ActiveCfg = Debug|Any CPU
		{3066047D-5777-46B0-9727-653238F4C700}.Debug|Any CPU.Build.0 = Debug|Any CPU
		{3066047D-5777-46B0-9727-653238F4C700}.Debug|Mixed Platforms.ActiveCfg = Debug|Any CPU
		{3066047D-5777-46B0-9727-653238F4C700}.Debug|Mixed Platforms.Build.0 = Debug|Any CPU
		{3066047D-5777-46B0-9727-653238F4C700}.Debug|Win32.ActiveCfg = Debug|Any CPU
		{3066047D-5777-46B0-9727-653238F4C700}.Debug|x64.ActiveCfg = Debug|x64
		{3066047D-5777-46B0-9727-653238F4C700}.Debug|x64.Build.0 = Debug|x64
		{3066047D-5777-46B0-9727-653238F4C700}.Release|Any CPU.ActiveCfg = Release|Any CPU
		{3066047D-5777-46B0-9727-653238F4C700}.Release|Any CPU.Build.0 = Release|Any CPU
		{3066047D-5777-46B0-9727-653238F4C700}.Release|Mixed Platforms.ActiveCfg = Release|Any CPU
		{3066047D-5777-46B0-9727-653238F4C700}.Release|Mixed Platforms.Build.0 = Release|Any CPU
		{3066047D-5777-46B0-9727-653238F4C700}.Release|Win32.ActiveCfg = Release|Any CPU
		{3066047D-5777-46B0-9727-653238F4C700}.Release|x64.ActiveCfg = Release|x64
		{3066047D-5777-46B0-9727-653238F4C700}.Release|x64.Build.0 = Release|x64
		{3501B846-E1D2-4253-A786-48E324E50C27}.Debug|Any CPU.ActiveCfg = Debug|Any CPU
		{3501B846-E1D2-4253-A786-48E324E50C27}.Debug|Any CPU.Build.0 = Debug|Any CPU
		{3501B846-E1D2-4253-A786-48E324E50C27}.Debug|Mixed Platforms.ActiveCfg = Debug|Any CPU
		{3501B846-E1D2-4253-A786-48E324E50C27}.Debug|Mixed Platforms.Build.0 = Debug|Any CPU
		{3501B846-E1D2-4253-A786-48E324E50C27}.Debug|Win32.ActiveCfg = Debug|Any CPU
		{3501B846-E1D2-4253-A786-48E324E50C27}.Debug|x64.ActiveCfg = Debug|x64
		{3501B846-E1D2-4253-A786-48E324E50C27}.Debug|x64.Build.0 = Debug|x64
		{3501B846-E1D2-4253-A786-48E324E50C27}.Release|Any CPU.ActiveCfg = Release|Any CPU
		{3501B846-E1D2-4253-A786-48E324E50C27}.Release|Any CPU.Build.0 = Release|Any CPU
		{3501B846-E1D2-4253-A786-48E324E50C27}.Release|Mixed Platforms.ActiveCfg = Release|Any CPU
		{3501B846-E1D2-4253-A786-48E324E50C27}.Release|Mixed Platforms.Build.0 = Release|Any CPU
		{3501B846-E1D2-4253-A786-48E324E50C27}.Release|Win32.ActiveCfg = Release|Any CPU
		{3501B846-E1D2-4253-A786-48E324E50C27}.Release|x64.ActiveCfg = Release|x64
		{3501B846-E1D2-4253-A786-48E324E50C27}.Release|x64.Build.0 = Release|x64
		{F4DFE510-B82F-4EF2-9181-A9D3546AB49E}.Debug|Any CPU.ActiveCfg = Debug|Any CPU
		{F4DFE510-B82F-4EF2-9181-A9D3546AB49E}.Debug|Any CPU.Build.0 = Debug|Any CPU
		{F4DFE510-B82F-4EF2-9181-A9D3546AB49E}.Debug|Mixed Platforms.ActiveCfg = Debug|Any CPU
		{F4DFE510-B82F-4EF2-9181-A9D3546AB49E}.Debug|Mixed Platforms.Build.0 = Debug|Any CPU
		{F4DFE510-B82F-4EF2-9181-A9D3546AB49E}.Debug|Win32.ActiveCfg = Debug|Any CPU
		{F4DFE510-B82F-4EF2-9181-A9D3546AB49E}.Debug|x64.ActiveCfg = Debug|x64
		{F4DFE510-B82F-4EF2-9181-A9D3546AB49E}.Debug|x64.Build.0 = Debug|x64
		{F4DFE510-B82F-4EF2-9181-A9D3546AB49E}.Release|Any CPU.ActiveCfg = Release|Any CPU
		{F4DFE510-B82F-4EF2-9181-A9D3546AB49E}.Release|Any CPU.Build.0 = Release|Any CPU
		{F4DFE510-B82F-4EF2-9181-A9D3546AB49E}.Release|Mixed Platforms.ActiveCfg = Release|Any CPU
		{F4DFE510-B82F-4EF2-9181-A9D3546AB49E}.Release|Mixed Platforms.Build.0 = Release|Any CPU
		{F4DFE510-B82F-4EF2-9181-A9D3546AB49E}.Release|Win32.ActiveCfg = Release|Any CPU
		{F4DFE510-B82F-4EF2-9181-A9D3546AB49E}.Release|x64.ActiveCfg = Release|x64
		{F4DFE510-B82F-4EF2-9181-A9D3546AB49E}.Release|x64.Build.0 = Release|x64
		{3C668274-B94A-487E-AF47-970D3A0515E5}.Debug|Any CPU.ActiveCfg = Debug|Any CPU
		{3C668274-B94A-487E-AF47-970D3A0515E5}.Debug|Any CPU.Build.0 = Debug|Any CPU
		{3C668274-B94A-487E-AF47-970D3A0515E5}.Debug|Mixed Platforms.ActiveCfg = Debug|Any CPU
		{3C668274-B94A-487E-AF47-970D3A0515E5}.Debug|Mixed Platforms.Build.0 = Debug|Any CPU
		{3C668274-B94A-487E-AF47-970D3A0515E5}.Debug|Win32.ActiveCfg = Debug|Any CPU
		{3C668274-B94A-487E-AF47-970D3A0515E5}.Debug|x64.ActiveCfg = Debug|x64
		{3C668274-B94A-487E-AF47-970D3A0515E5}.Debug|x64.Build.0 = Debug|x64
		{3C668274-B94A-487E-AF47-970D3A0515E5}.Release|Any CPU.ActiveCfg = Release|Any CPU
		{3C668274-B94A-487E-AF47-970D3A0515E5}.Release|Any CPU.Build.0 = Release|Any CPU
		{3C668274-B94A-487E-AF47-970D3A0515E5}.Release|Mixed Platforms.ActiveCfg = Release|Any CPU
		{3C668274-B94A-487E-AF47-970D3A0515E5}.Release|Mixed Platforms.Build.0 = Release|Any CPU
		{3C668274-B94A-487E-AF47-970D3A0515E5}.Release|Win32.ActiveCfg = Release|Any CPU
		{3C668274-B94A-487E-AF47-970D3A0515E5}.Release|x64.ActiveCfg = Release|x64
		{3C668274-B94A-487E-AF47-970D3A0515E5}.Release|x64.Build.0 = Release|x64
	EndGlobalSection
	GlobalSection(SolutionProperties) = preSolution
		HideSolutionNode = FALSE
	EndGlobalSection
EndGlobal
